
Microsoft Visual Studio Solution File, Format Version 12.00
# Visual Studio Version 17
VisualStudioVersion = 17.9.34701.34
MinimumVisualStudioVersion = 10.0.40219.1
Project("{FAE04EC0-301F-11D3-BF4B-00C04F79EFBC}") = "MusiCodeWebApp", "MusiCodeWebApp\MusiCodeWebApp.csproj", "{A2F3A376-EB33-45A9-AA7A-CB0AF7262A79}"
EndProject
Global
	GlobalSection(SolutionConfigurationPlatforms) = preSolution
		Debug|Any CPU = Debug|Any CPU
		Release|Any CPU = Release|Any CPU
	EndGlobalSection
	GlobalSection(ProjectConfigurationPlatforms) = postSolution
		{A2F3A376-EB33-45A9-AA7A-CB0AF7262A79}.Debug|Any CPU.ActiveCfg = Debug|Any CPU
		{A2F3A376-EB33-45A9-AA7A-CB0AF7262A79}.Debug|Any CPU.Build.0 = Debug|Any CPU
		{A2F3A376-EB33-45A9-AA7A-CB0AF7262A79}.Release|Any CPU.ActiveCfg = Release|Any CPU
		{A2F3A376-EB33-45A9-AA7A-CB0AF7262A79}.Release|Any CPU.Build.0 = Release|Any CPU
	EndGlobalSection
	GlobalSection(SolutionProperties) = preSolution
		HideSolutionNode = FALSE
	EndGlobalSection
	GlobalSection(ExtensibilityGlobals) = postSolution
		SolutionGuid = {DB3A7F10-5255-4957-8722-60A97C51468D}
	EndGlobalSection
EndGlobal
